
Microsoft Visual Studio Solution File, Format Version 12.00
# Visual Studio 15
VisualStudioVersion = 15.0.28307.572
MinimumVisualStudioVersion = 10.0.40219.1
Project("{FAE04EC0-301F-11D3-BF4B-00C04F79EFBC}") = "Client", "Client\Client.csproj", "{9D65EBC8-8C3D-45FD-980B-872431C2A30B}"
EndProject
Project("{FAE04EC0-301F-11D3-BF4B-00C04F79EFBC}") = "signalRWFAClientSide", "signalRWFA\signalRWFAClientSide.csproj", "{2E1D1413-9848-47D0-B7B4-3ED0EE3FB962}"
EndProject
Project("{FAE04EC0-301F-11D3-BF4B-00C04F79EFBC}") = "ServerSide", "ServerSide\ServerSide.csproj", "{0374C0B9-929F-45D0-97B0-80C500C13BB2}"
EndProject
Global
	GlobalSection(SolutionConfigurationPlatforms) = preSolution
		Debug|Any CPU = Debug|Any CPU
		Release|Any CPU = Release|Any CPU
	EndGlobalSection
	GlobalSection(ProjectConfigurationPlatforms) = postSolution
		{9D65EBC8-8C3D-45FD-980B-872431C2A30B}.Debug|Any CPU.ActiveCfg = Debug|Any CPU
		{9D65EBC8-8C3D-45FD-980B-872431C2A30B}.Debug|Any CPU.Build.0 = Debug|Any CPU
		{9D65EBC8-8C3D-45FD-980B-872431C2A30B}.Release|Any CPU.ActiveCfg = Release|Any CPU
		{9D65EBC8-8C3D-45FD-980B-872431C2A30B}.Release|Any CPU.Build.0 = Release|Any CPU
		{2E1D1413-9848-47D0-B7B4-3ED0EE3FB962}.Debug|Any CPU.ActiveCfg = Debug|Any CPU
		{2E1D1413-9848-47D0-B7B4-3ED0EE3FB962}.Debug|Any CPU.Build.0 = Debug|Any CPU
		{2E1D1413-9848-47D0-B7B4-3ED0EE3FB962}.Release|Any CPU.ActiveCfg = Release|Any CPU
		{2E1D1413-9848-47D0-B7B4-3ED0EE3FB962}.Release|Any CPU.Build.0 = Release|Any CPU
		{0374C0B9-929F-45D0-97B0-80C500C13BB2}.Debug|Any CPU.ActiveCfg = Debug|Any CPU
		{0374C0B9-929F-45D0-97B0-80C500C13BB2}.Debug|Any CPU.Build.0 = Debug|Any CPU
		{0374C0B9-929F-45D0-97B0-80C500C13BB2}.Release|Any CPU.ActiveCfg = Release|Any CPU
		{0374C0B9-929F-45D0-97B0-80C500C13BB2}.Release|Any CPU.Build.0 = Release|Any CPU
	EndGlobalSection
	GlobalSection(SolutionProperties) = preSolution
		HideSolutionNode = FALSE
	EndGlobalSection
	GlobalSection(ExtensibilityGlobals) = postSolution
		SolutionGuid = {EF034FEA-3E41-4D7F-9419-3C24B2A29C23}
	EndGlobalSection
EndGlobal
